
Microsoft Visual Studio Solution File, Format Version 12.00
# Visual Studio 15
VisualStudioVersion = 15.0.27703.2035
MinimumVisualStudioVersion = 10.0.40219.1
Project("{FAE04EC0-301F-11D3-BF4B-00C04F79EFBC}") = "TractorForms", "TractorForms\TractorForms.csproj", "{1DC80E78-8717-406C-8F7B-4A2C78CCC0BA}"
EndProject
Global
	GlobalSection(SolutionConfigurationPlatforms) = preSolution
		Debug|Any CPU = Debug|Any CPU
		Release|Any CPU = Release|Any CPU
	EndGlobalSection
	GlobalSection(ProjectConfigurationPlatforms) = postSolution
		{1DC80E78-8717-406C-8F7B-4A2C78CCC0BA}.Debug|Any CPU.ActiveCfg = Debug|Any CPU
		{1DC80E78-8717-406C-8F7B-4A2C78CCC0BA}.Debug|Any CPU.Build.0 = Debug|Any CPU
		{1DC80E78-8717-406C-8F7B-4A2C78CCC0BA}.Release|Any CPU.ActiveCfg = Release|Any CPU
		{1DC80E78-8717-406C-8F7B-4A2C78CCC0BA}.Release|Any CPU.Build.0 = Release|Any CPU
	EndGlobalSection
	GlobalSection(SolutionProperties) = preSolution
		HideSolutionNode = FALSE
	EndGlobalSection
	GlobalSection(ExtensibilityGlobals) = postSolution
		SolutionGuid = {FAC4DA21-A9C1-4946-A591-29368D0F2D87}
	EndGlobalSection
EndGlobal
